// !$*UTF8*$!
{
	"archiveVersion" = "1";
	"classes" = {
	};
	"objectVersion" = "56";
	"objects" = {
		"67508B5704E2D4EFAA803B8C" = {
			"isa" = "PBXFileReference";
			"lastKnownFileType" = "sourcecode.swift";
			"path" = "MoveMenu/Core/Catalog.swift";
			"sourceTree" = "SOURCE_ROOT";
		};
		"CE7998EDD3E9A4705F58D006" = {
			"isa" = "PBXBuildFile";
			"fileRef" = "67508B5704E2D4EFAA803B8C";
		};
		"48CEAC1F56B64771D8D87697" = {
			"isa" = "PBXFileReference";
			"lastKnownFileType" = "sourcecode.swift";
			"path" = "MoveMenu/Core/Models.swift";
			"sourceTree" = "SOURCE_ROOT";
		};
		"E256B8F01EFEFDBE27674C3A" = {
			"isa" = "PBXBuildFile";
			"fileRef" = "48CEAC1F56B64771D8D87697";
		};
		"2F34D982D6866B833E4AD4CE" = {
			"isa" = "PBXFileReference";
			"lastKnownFileType" = "sourcecode.swift";
			"path" = "MoveMenu/Core/Planner.swift";
			"sourceTree" = "SOURCE_ROOT";
		};
		"778A9A9A95377626B0073C7A" = {
			"isa" = "PBXBuildFile";
			"fileRef" = "2F34D982D6866B833E4AD4CE";
		};
		"A298E7A70733FF826D80B5AE" = {
			"isa" = "PBXFileReference";
			"lastKnownFileType" = "sourcecode.swift";
			"path" = "MoveMenu/MoveMenuApp.swift";
			"sourceTree" = "SOURCE_ROOT";
		};
		"DF8A3FFF390F889394CC870B" = {
			"isa" = "PBXBuildFile";
			"fileRef" = "A298E7A70733FF826D80B5AE";
		};
		"65247537EC07E19C70559B24" = {
			"isa" = "PBXFileReference";
			"lastKnownFileType" = "sourcecode.swift";
			"path" = "MoveMenu/Services/AppStore.swift";
			"sourceTree" = "SOURCE_ROOT";
		};
		"143D157862BC94EA23CE4011" = {
			"isa" = "PBXBuildFile";
			"fileRef" = "65247537EC07E19C70559B24";
		};
		"A0B70DA3B30400A2080FCDF2" = {
			"isa" = "PBXFileReference";
			"lastKnownFileType" = "sourcecode.swift";
			"path" = "MoveMenu/Services/HealthService.swift";
			"sourceTree" = "SOURCE_ROOT";
		};
		"4AEBEF2A8BECEC33D3AA11DD" = {
			"isa" = "PBXBuildFile";
			"fileRef" = "A0B70DA3B30400A2080FCDF2";
		};
		"D1778B214DDF37746D3EF98C" = {
			"isa" = "PBXFileReference";
			"lastKnownFileType" = "sourcecode.swift";
			"path" = "MoveMenu/Views/ActivityView.swift";
			"sourceTree" = "SOURCE_ROOT";
		};
		"745290F07CC7D47F30B27317" = {
			"isa" = "PBXBuildFile";
			"fileRef" = "D1778B214DDF37746D3EF98C";
		};
		"7D732651CB3F5AFB5BC3B549" = {
			"isa" = "PBXFileReference";
			"lastKnownFileType" = "sourcecode.swift";
			"path" = "MoveMenu/Views/Components.swift";
			"sourceTree" = "SOURCE_ROOT";
		};
		"29850C19FBD3BEB0886BB53D" = {
			"isa" = "PBXBuildFile";
			"fileRef" = "7D732651CB3F5AFB5BC3B549";
		};
		"9FF257872F59E76B8385744B" = {
			"isa" = "PBXFileReference";
			"lastKnownFileType" = "sourcecode.swift";
			"path" = "MoveMenu/Views/ProfileView.swift";
			"sourceTree" = "SOURCE_ROOT";
		};
		"D76A904413DB8DBDECF2FA3F" = {
			"isa" = "PBXBuildFile";
			"fileRef" = "9FF257872F59E76B8385744B";
		};
		"1CA4573D25F7123819C7F5DC" = {
			"isa" = "PBXFileReference";
			"lastKnownFileType" = "sourcecode.swift";
			"path" = "MoveMenu/Views/RootView.swift";
			"sourceTree" = "SOURCE_ROOT";
		};
		"077C57458E6C3AFE0B759138" = {
			"isa" = "PBXBuildFile";
			"fileRef" = "1CA4573D25F7123819C7F5DC";
		};
		"6804D2F3403F25B9B05DEAC7" = {
			"isa" = "PBXFileReference";
			"lastKnownFileType" = "sourcecode.swift";
			"path" = "MoveMenu/Views/TodayView.swift";
			"sourceTree" = "SOURCE_ROOT";
		};
		"03A23CD39A4A8C4E88055E15" = {
			"isa" = "PBXBuildFile";
			"fileRef" = "6804D2F3403F25B9B05DEAC7";
		};
		"8F16A54A2B2E8098B5326D59" = {
			"isa" = "PBXFileReference";
			"lastKnownFileType" = "text.plist.xml";
			"path" = "MoveMenu/Resources/Info.plist";
			"sourceTree" = "SOURCE_ROOT";
		};
		"9C23BC31A8A127BFAB98E436" = {
			"isa" = "PBXFileReference";
			"lastKnownFileType" = "text.plist.xml";
			"path" = "MoveMenu/Resources/MoveMenu.entitlements";
			"sourceTree" = "SOURCE_ROOT";
		};
		"C1BA74587ECDFDA0D79F7800" = {
			"isa" = "PBXFileReference";
			"lastKnownFileType" = "text.plist.xml";
			"path" = "MoveMenu/Resources/PrivacyInfo.xcprivacy";
			"sourceTree" = "SOURCE_ROOT";
		};
		"8B9540469AE376811883E794" = {
			"isa" = "PBXBuildFile";
			"fileRef" = "C1BA74587ECDFDA0D79F7800";
		};
		"38A007151ABE87CC01A5B6E9" = {
			"isa" = "PBXFileReference";
			"explicitFileType" = "wrapper.application";
			"includeInIndex" = "0";
			"path" = "MoveMenu.app";
			"sourceTree" = "BUILT_PRODUCTS_DIR";
		};
		"BCE16DD0260827ECF338C787" = {
			"isa" = "PBXSourcesBuildPhase";
			"buildActionMask" = "2147483647";
			"files" = (
				"CE7998EDD3E9A4705F58D006",
				"E256B8F01EFEFDBE27674C3A",
				"778A9A9A95377626B0073C7A",
				"DF8A3FFF390F889394CC870B",
				"143D157862BC94EA23CE4011",
				"4AEBEF2A8BECEC33D3AA11DD",
				"745290F07CC7D47F30B27317",
				"29850C19FBD3BEB0886BB53D",
				"D76A904413DB8DBDECF2FA3F",
				"077C57458E6C3AFE0B759138",
				"03A23CD39A4A8C4E88055E15",
			);
			"runOnlyForDeploymentPostprocessing" = "0";
		};
		"7561BFB015D8F536760CB671" = {
			"isa" = "PBXFrameworksBuildPhase";
			"buildActionMask" = "2147483647";
			"files" = (
			);
			"runOnlyForDeploymentPostprocessing" = "0";
		};
		"0189424A5A60FED329FA868E" = {
			"isa" = "PBXResourcesBuildPhase";
			"buildActionMask" = "2147483647";
			"files" = (
				"8B9540469AE376811883E794",
			);
			"runOnlyForDeploymentPostprocessing" = "0";
		};
		"96DC7B6B5526E30EFB51C316" = {
			"isa" = "PBXGroup";
			"children" = (
				"67508B5704E2D4EFAA803B8C",
				"48CEAC1F56B64771D8D87697",
				"2F34D982D6866B833E4AD4CE",
				"A298E7A70733FF826D80B5AE",
				"65247537EC07E19C70559B24",
				"A0B70DA3B30400A2080FCDF2",
				"D1778B214DDF37746D3EF98C",
				"7D732651CB3F5AFB5BC3B549",
				"9FF257872F59E76B8385744B",
				"1CA4573D25F7123819C7F5DC",
				"6804D2F3403F25B9B05DEAC7",
			);
			"name" = "Sources";
			"sourceTree" = "<group>";
		};
		"9D8AE853B3291004D3E76343" = {
			"isa" = "PBXGroup";
			"children" = (
				"8F16A54A2B2E8098B5326D59",
				"9C23BC31A8A127BFAB98E436",
				"C1BA74587ECDFDA0D79F7800",
			);
			"name" = "Resources";
			"sourceTree" = "<group>";
		};
		"FBDC4F23F93125BBEEAE800C" = {
			"isa" = "PBXGroup";
			"children" = (
				"38A007151ABE87CC01A5B6E9",
			);
			"name" = "Products";
			"sourceTree" = "<group>";
		};
		"B28B7AF69320201D1CF206EB" = {
			"isa" = "PBXGroup";
			"children" = (
				"96DC7B6B5526E30EFB51C316",
				"9D8AE853B3291004D3E76343",
				"FBDC4F23F93125BBEEAE800C",
			);
			"sourceTree" = "<group>";
		};
		"ED8772ADEC3A6C25161BC957" = {
			"isa" = "XCBuildConfiguration";
			"buildSettings" = {
				"CLANG_ENABLE_MODULES" = "YES";
				"CLANG_ENABLE_OBJC_ARC" = "YES";
				"SDKROOT" = "iphoneos";
				"IPHONEOS_DEPLOYMENT_TARGET" = "17.0";
				"SWIFT_VERSION" = "5.0";
				"DEBUG_INFORMATION_FORMAT" = "dwarf";
				"ENABLE_TESTABILITY" = "YES";
				"SWIFT_OPTIMIZATION_LEVEL" = "-Onone";
				"GCC_PREPROCESSOR_DEFINITIONS" = (
					"DEBUG=1",
					"$(inherited)",
				);
			};
			"name" = "Debug";
		};
		"4D8F54E7CBAF670D9F6C230D" = {
			"isa" = "XCBuildConfiguration";
			"buildSettings" = {
				"PRODUCT_NAME" = "$(TARGET_NAME)";
				"PRODUCT_BUNDLE_IDENTIFIER" = "com.movemenu.app";
				"MARKETING_VERSION" = "0.1.0";
				"CURRENT_PROJECT_VERSION" = "1";
				"INFOPLIST_FILE" = "MoveMenu/Resources/Info.plist";
				"CODE_SIGN_ENTITLEMENTS" = "MoveMenu/Resources/MoveMenu.entitlements";
				"CODE_SIGN_STYLE" = "Automatic";
				"TARGETED_DEVICE_FAMILY" = "1,2";
				"SUPPORTED_PLATFORMS" = "iphoneos iphonesimulator";
				"SUPPORTS_MACCATALYST" = "NO";
				"SUPPORTS_XR_DESIGNED_FOR_IPHONE_IPAD" = "NO";
				"SWIFT_EMIT_LOC_STRINGS" = "YES";
				"ENABLE_PREVIEWS" = "YES";
				"LD_RUNPATH_SEARCH_PATHS" = (
					"$(inherited)",
					"@executable_path/Frameworks",
				);
				"SWIFT_ACTIVE_COMPILATION_CONDITIONS" = "DEBUG $(inherited)";
			};
			"name" = "Debug";
		};
		"00F209874A1F7309F6DCEAA7" = {
			"isa" = "XCBuildConfiguration";
			"buildSettings" = {
				"CLANG_ENABLE_MODULES" = "YES";
				"CLANG_ENABLE_OBJC_ARC" = "YES";
				"SDKROOT" = "iphoneos";
				"IPHONEOS_DEPLOYMENT_TARGET" = "17.0";
				"SWIFT_VERSION" = "5.0";
				"DEBUG_INFORMATION_FORMAT" = "dwarf-with-dsym";
				"SWIFT_COMPILATION_MODE" = "wholemodule";
				"SWIFT_OPTIMIZATION_LEVEL" = "-O";
			};
			"name" = "Release";
		};
		"1A6EFC2CD0AF63DD14BE0438" = {
			"isa" = "XCBuildConfiguration";
			"buildSettings" = {
				"PRODUCT_NAME" = "$(TARGET_NAME)";
				"PRODUCT_BUNDLE_IDENTIFIER" = "com.movemenu.app";
				"MARKETING_VERSION" = "0.1.0";
				"CURRENT_PROJECT_VERSION" = "1";
				"INFOPLIST_FILE" = "MoveMenu/Resources/Info.plist";
				"CODE_SIGN_ENTITLEMENTS" = "MoveMenu/Resources/MoveMenu.entitlements";
				"CODE_SIGN_STYLE" = "Automatic";
				"TARGETED_DEVICE_FAMILY" = "1,2";
				"SUPPORTED_PLATFORMS" = "iphoneos iphonesimulator";
				"SUPPORTS_MACCATALYST" = "NO";
				"SUPPORTS_XR_DESIGNED_FOR_IPHONE_IPAD" = "NO";
				"SWIFT_EMIT_LOC_STRINGS" = "YES";
				"ENABLE_PREVIEWS" = "YES";
				"LD_RUNPATH_SEARCH_PATHS" = (
					"$(inherited)",
					"@executable_path/Frameworks",
				);
			};
			"name" = "Release";
		};
		"6650A2B5E24FA7522CE6B81C" = {
			"isa" = "XCConfigurationList";
			"buildConfigurations" = (
				"ED8772ADEC3A6C25161BC957",
				"00F209874A1F7309F6DCEAA7",
			);
			"defaultConfigurationIsVisible" = "0";
			"defaultConfigurationName" = "Release";
		};
		"7DE97F2CECB2601227982F09" = {
			"isa" = "XCConfigurationList";
			"buildConfigurations" = (
				"4D8F54E7CBAF670D9F6C230D",
				"1A6EFC2CD0AF63DD14BE0438",
			);
			"defaultConfigurationIsVisible" = "0";
			"defaultConfigurationName" = "Release";
		};
		"0E8A3AD980EC179856012B7E" = {
			"isa" = "PBXNativeTarget";
			"buildConfigurationList" = "7DE97F2CECB2601227982F09";
			"buildPhases" = (
				"BCE16DD0260827ECF338C787",
				"7561BFB015D8F536760CB671",
				"0189424A5A60FED329FA868E",
			);
			"buildRules" = (
			);
			"dependencies" = (
			);
			"name" = "MoveMenu";
			"productName" = "MoveMenu";
			"productReference" = "38A007151ABE87CC01A5B6E9";
			"productType" = "com.apple.product-type.application";
		};
		"98F54143AB4E86B28C3AFEE0" = {
			"isa" = "PBXProject";
			"attributes" = {
				"BuildIndependentTargetsInParallel" = "YES";
				"LastSwiftUpdateCheck" = "2600";
				"LastUpgradeCheck" = "2600";
				"TargetAttributes" = {
					"0E8A3AD980EC179856012B7E" = {
						"CreatedOnToolsVersion" = "26.0";
						"SystemCapabilities" = {
							"com.apple.HealthKit" = {
								"enabled" = "1";
							};
						};
					};
				};
			};
			"buildConfigurationList" = "6650A2B5E24FA7522CE6B81C";
			"compatibilityVersion" = "Xcode 14.0";
			"developmentRegion" = "zh-Hans";
			"hasScannedForEncodings" = "0";
			"knownRegions" = (
				"zh-Hans",
				"en",
				"Base",
			);
			"mainGroup" = "B28B7AF69320201D1CF206EB";
			"productRefGroup" = "FBDC4F23F93125BBEEAE800C";
			"projectDirPath" = "";
			"projectRoot" = "";
			"targets" = (
				"0E8A3AD980EC179856012B7E",
			);
		};
	};
	"rootObject" = "98F54143AB4E86B28C3AFEE0";
}
